
Microsoft Visual Studio Solution File, Format Version 12.00
# Visual Studio Version 16
VisualStudioVersion = 16.0.30517.126
MinimumVisualStudioVersion = 10.0.40219.1
Project("{FAE04EC0-301F-11D3-BF4B-00C04F79EFBC}") = "EstructurasPilasColasG4", "EstructurasPilasColasG4.csproj", "{FC944A8B-EEAB-4511-A899-871574134D0D}"
EndProject
Project("{FAE04EC0-301F-11D3-BF4B-00C04F79EFBC}") = "EstructuraPILAG4", "EstructuraPILAG4\EstructuraPILAG4.csproj", "{7FF52DBC-2484-4D52-9A9A-8DF4E37863C5}"
EndProject
Project("{FAE04EC0-301F-11D3-BF4B-00C04F79EFBC}") = "EstructuraColaG4", "..\EstructuraColaG4\EstructuraColaG4.csproj", "{6467A845-E15A-4137-8BD5-EBF7B6C65F53}"
EndProject
Global
	GlobalSection(SolutionConfigurationPlatforms) = preSolution
		Debug|Any CPU = Debug|Any CPU
		Release|Any CPU = Release|Any CPU
	EndGlobalSection
	GlobalSection(ProjectConfigurationPlatforms) = postSolution
		{FC944A8B-EEAB-4511-A899-871574134D0D}.Debug|Any CPU.ActiveCfg = Debug|Any CPU
		{FC944A8B-EEAB-4511-A899-871574134D0D}.Debug|Any CPU.Build.0 = Debug|Any CPU
		{FC944A8B-EEAB-4511-A899-871574134D0D}.Release|Any CPU.ActiveCfg = Release|Any CPU
		{FC944A8B-EEAB-4511-A899-871574134D0D}.Release|Any CPU.Build.0 = Release|Any CPU
		{7FF52DBC-2484-4D52-9A9A-8DF4E37863C5}.Debug|Any CPU.ActiveCfg = Debug|Any CPU
		{7FF52DBC-2484-4D52-9A9A-8DF4E37863C5}.Debug|Any CPU.Build.0 = Debug|Any CPU
		{7FF52DBC-2484-4D52-9A9A-8DF4E37863C5}.Release|Any CPU.ActiveCfg = Release|Any CPU
		{7FF52DBC-2484-4D52-9A9A-8DF4E37863C5}.Release|Any CPU.Build.0 = Release|Any CPU
		{6467A845-E15A-4137-8BD5-EBF7B6C65F53}.Debug|Any CPU.ActiveCfg = Debug|Any CPU
		{6467A845-E15A-4137-8BD5-EBF7B6C65F53}.Debug|Any CPU.Build.0 = Debug|Any CPU
		{6467A845-E15A-4137-8BD5-EBF7B6C65F53}.Release|Any CPU.ActiveCfg = Release|Any CPU
		{6467A845-E15A-4137-8BD5-EBF7B6C65F53}.Release|Any CPU.Build.0 = Release|Any CPU
	EndGlobalSection
	GlobalSection(SolutionProperties) = preSolution
		HideSolutionNode = FALSE
	EndGlobalSection
	GlobalSection(ExtensibilityGlobals) = postSolution
		SolutionGuid = {13528D10-2449-498A-8B19-250ACC29513E}
	EndGlobalSection
EndGlobal
